
Microsoft Visual Studio Solution File, Format Version 12.00
# Visual Studio Version 17
VisualStudioVersion = 17.4.33403.182
MinimumVisualStudioVersion = 10.0.40219.1
Project("{9A19103F-16F7-4668-BE54-9A1E7A4F7556}") = "SoyBoyMod", "SoyBoyMod.csproj", "{CEE3AC90-CA08-493C-BE15-0679D18D7C41}"
EndProject
Global
	GlobalSection(SolutionConfigurationPlatforms) = preSolution
		Debug|Any CPU = Debug|Any CPU
		Release|Any CPU = Release|Any CPU
	EndGlobalSection
	GlobalSection(ProjectConfigurationPlatforms) = postSolution
		{CEE3AC90-CA08-493C-BE15-0679D18D7C41}.Debug|Any CPU.ActiveCfg = Debug|Any CPU
		{CEE3AC90-CA08-493C-BE15-0679D18D7C41}.Debug|Any CPU.Build.0 = Debug|Any CPU
		{CEE3AC90-CA08-493C-BE15-0679D18D7C41}.Release|Any CPU.ActiveCfg = Release|Any CPU
		{CEE3AC90-CA08-493C-BE15-0679D18D7C41}.Release|Any CPU.Build.0 = Release|Any CPU
	EndGlobalSection
	GlobalSection(SolutionProperties) = preSolution
		HideSolutionNode = FALSE
	EndGlobalSection
	GlobalSection(ExtensibilityGlobals) = postSolution
		SolutionGuid = {AC601C39-C868-46A9-A1B8-090EB7AF6587}
	EndGlobalSection
EndGlobal
